
Microsoft Visual Studio Solution File, Format Version 12.00
# Visual Studio 15
VisualStudioVersion = 15.0.26730.16
MinimumVisualStudioVersion = 10.0.40219.1
Project("{FAE04EC0-301F-11D3-BF4B-00C04F79EFBC}") = "WindowsFormsApp6", "WindowsFormsApp6\WindowsFormsApp6.csproj", "{7411CB5C-A99D-4675-94A2-CE46854E2648}"
EndProject
Global
	GlobalSection(SolutionConfigurationPlatforms) = preSolution
		Debug|Any CPU = Debug|Any CPU
		Release|Any CPU = Release|Any CPU
	EndGlobalSection
	GlobalSection(ProjectConfigurationPlatforms) = postSolution
		{7411CB5C-A99D-4675-94A2-CE46854E2648}.Debug|Any CPU.ActiveCfg = Debug|Any CPU
		{7411CB5C-A99D-4675-94A2-CE46854E2648}.Debug|Any CPU.Build.0 = Debug|Any CPU
		{7411CB5C-A99D-4675-94A2-CE46854E2648}.Release|Any CPU.ActiveCfg = Release|Any CPU
		{7411CB5C-A99D-4675-94A2-CE46854E2648}.Release|Any CPU.Build.0 = Release|Any CPU
	EndGlobalSection
	GlobalSection(SolutionProperties) = preSolution
		HideSolutionNode = FALSE
	EndGlobalSection
	GlobalSection(ExtensibilityGlobals) = postSolution
		SolutionGuid = {13577647-A1A4-45ED-85EF-9086526306BE}
	EndGlobalSection
EndGlobal
