
Microsoft Visual Studio Solution File, Format Version 12.00
# Visual Studio 15
VisualStudioVersion = 15.0.27130.2027
MinimumVisualStudioVersion = 10.0.40219.1
Project("{FAE04EC0-301F-11D3-BF4B-00C04F79EFBC}") = "Task3_farm_yard_class", "Task3_farm_yard_class\Task3_farm_yard_class.csproj", "{8073C0E3-E098-481D-843A-A56357CD0017}"
EndProject
Global
	GlobalSection(SolutionConfigurationPlatforms) = preSolution
		Debug|Any CPU = Debug|Any CPU
		Release|Any CPU = Release|Any CPU
	EndGlobalSection
	GlobalSection(ProjectConfigurationPlatforms) = postSolution
		{8073C0E3-E098-481D-843A-A56357CD0017}.Debug|Any CPU.ActiveCfg = Debug|Any CPU
		{8073C0E3-E098-481D-843A-A56357CD0017}.Debug|Any CPU.Build.0 = Debug|Any CPU
		{8073C0E3-E098-481D-843A-A56357CD0017}.Release|Any CPU.ActiveCfg = Release|Any CPU
		{8073C0E3-E098-481D-843A-A56357CD0017}.Release|Any CPU.Build.0 = Release|Any CPU
	EndGlobalSection
	GlobalSection(SolutionProperties) = preSolution
		HideSolutionNode = FALSE
	EndGlobalSection
	GlobalSection(ExtensibilityGlobals) = postSolution
		SolutionGuid = {ADE40438-2FE3-4DA2-BCAA-43AE9D3B9291}
	EndGlobalSection
EndGlobal
