
Microsoft Visual Studio Solution File, Format Version 12.00
# Visual Studio 15
VisualStudioVersion = 15.0.27130.2027
MinimumVisualStudioVersion = 10.0.40219.1
Project("{FAE04EC0-301F-11D3-BF4B-00C04F79EFBC}") = "ToPaint", "ToPaint\ToPaint.csproj", "{545C515A-4FFE-4171-8F6D-945D49C27DCE}"
EndProject
Global
	GlobalSection(SolutionConfigurationPlatforms) = preSolution
		Debug|Any CPU = Debug|Any CPU
		Release|Any CPU = Release|Any CPU
	EndGlobalSection
	GlobalSection(ProjectConfigurationPlatforms) = postSolution
		{545C515A-4FFE-4171-8F6D-945D49C27DCE}.Debug|Any CPU.ActiveCfg = Debug|Any CPU
		{545C515A-4FFE-4171-8F6D-945D49C27DCE}.Debug|Any CPU.Build.0 = Debug|Any CPU
		{545C515A-4FFE-4171-8F6D-945D49C27DCE}.Release|Any CPU.ActiveCfg = Release|Any CPU
		{545C515A-4FFE-4171-8F6D-945D49C27DCE}.Release|Any CPU.Build.0 = Release|Any CPU
	EndGlobalSection
	GlobalSection(SolutionProperties) = preSolution
		HideSolutionNode = FALSE
	EndGlobalSection
	GlobalSection(ExtensibilityGlobals) = postSolution
		SolutionGuid = {324E7227-E3C1-4D3A-907D-794275B5299A}
	EndGlobalSection
EndGlobal
